
Microsoft Visual Studio Solution File, Format Version 12.00
# Visual Studio Version 17
VisualStudioVersion = 17.8.34525.116
MinimumVisualStudioVersion = 10.0.40219.1
Project("{9A19103F-16F7-4668-BE54-9A1E7A4F7556}") = "AppAutores1-3", "AppAutores1-3\AppAutores1-3.csproj", "{AA841137-5D75-4C0F-9E53-075B1D652DCC}"
EndProject
Global
	GlobalSection(SolutionConfigurationPlatforms) = preSolution
		Debug|Any CPU = Debug|Any CPU
		Release|Any CPU = Release|Any CPU
	EndGlobalSection
	GlobalSection(ProjectConfigurationPlatforms) = postSolution
		{AA841137-5D75-4C0F-9E53-075B1D652DCC}.Debug|Any CPU.ActiveCfg = Debug|Any CPU
		{AA841137-5D75-4C0F-9E53-075B1D652DCC}.Debug|Any CPU.Build.0 = Debug|Any CPU
		{AA841137-5D75-4C0F-9E53-075B1D652DCC}.Debug|Any CPU.Deploy.0 = Debug|Any CPU
		{AA841137-5D75-4C0F-9E53-075B1D652DCC}.Release|Any CPU.ActiveCfg = Release|Any CPU
		{AA841137-5D75-4C0F-9E53-075B1D652DCC}.Release|Any CPU.Build.0 = Release|Any CPU
	EndGlobalSection
	GlobalSection(SolutionProperties) = preSolution
		HideSolutionNode = FALSE
	EndGlobalSection
	GlobalSection(ExtensibilityGlobals) = postSolution
		SolutionGuid = {E43FE1DA-B95A-46F0-8BE9-670075418ABF}
	EndGlobalSection
EndGlobal
